
Microsoft Visual Studio Solution File, Format Version 12.00
# Visual Studio Version 17
VisualStudioVersion = 17.8.34330.188
MinimumVisualStudioVersion = 10.0.40219.1
Project("{9A19103F-16F7-4668-BE54-9A1E7A4F7556}") = "Kutuphane", "Kutuphane\Kutuphane.csproj", "{94EFC41C-C56B-4647-971F-468FE28A223F}"
EndProject
Global
	GlobalSection(SolutionConfigurationPlatforms) = preSolution
		Debug|Any CPU = Debug|Any CPU
		Release|Any CPU = Release|Any CPU
	EndGlobalSection
	GlobalSection(ProjectConfigurationPlatforms) = postSolution
		{94EFC41C-C56B-4647-971F-468FE28A223F}.Debug|Any CPU.ActiveCfg = Debug|Any CPU
		{94EFC41C-C56B-4647-971F-468FE28A223F}.Debug|Any CPU.Build.0 = Debug|Any CPU
		{94EFC41C-C56B-4647-971F-468FE28A223F}.Release|Any CPU.ActiveCfg = Release|Any CPU
		{94EFC41C-C56B-4647-971F-468FE28A223F}.Release|Any CPU.Build.0 = Release|Any CPU
	EndGlobalSection
	GlobalSection(SolutionProperties) = preSolution
		HideSolutionNode = FALSE
	EndGlobalSection
	GlobalSection(ExtensibilityGlobals) = postSolution
		SolutionGuid = {F2A72D74-57BD-4DE9-89E9-6C519447A884}
	EndGlobalSection
EndGlobal
